
Microsoft Visual Studio Solution File, Format Version 12.00
# Visual Studio Version 16
VisualStudioVersion = 16.0.31205.134
MinimumVisualStudioVersion = 10.0.40219.1
Project("{9A19103F-16F7-4668-BE54-9A1E7A4F7556}") = "TriajeApp", "TriajeApp.csproj", "{F7C27CD5-5410-4272-B961-31BF21497FC0}"
EndProject
Project("{FAE04EC0-301F-11D3-BF4B-00C04F79EFBC}") = "UnitTestTriajeApp", "..\UnitTestTriajeApp\UnitTestTriajeApp.csproj", "{627669BA-7797-4A8B-9927-E2C61053D99E}"
EndProject
Global
	GlobalSection(SolutionConfigurationPlatforms) = preSolution
		Debug|Any CPU = Debug|Any CPU
		Release|Any CPU = Release|Any CPU
	EndGlobalSection
	GlobalSection(ProjectConfigurationPlatforms) = postSolution
		{F7C27CD5-5410-4272-B961-31BF21497FC0}.Debug|Any CPU.ActiveCfg = Debug|Any CPU
		{F7C27CD5-5410-4272-B961-31BF21497FC0}.Debug|Any CPU.Build.0 = Debug|Any CPU
		{F7C27CD5-5410-4272-B961-31BF21497FC0}.Release|Any CPU.ActiveCfg = Release|Any CPU
		{F7C27CD5-5410-4272-B961-31BF21497FC0}.Release|Any CPU.Build.0 = Release|Any CPU
		{627669BA-7797-4A8B-9927-E2C61053D99E}.Debug|Any CPU.ActiveCfg = Debug|Any CPU
		{627669BA-7797-4A8B-9927-E2C61053D99E}.Debug|Any CPU.Build.0 = Debug|Any CPU
		{627669BA-7797-4A8B-9927-E2C61053D99E}.Release|Any CPU.ActiveCfg = Release|Any CPU
		{627669BA-7797-4A8B-9927-E2C61053D99E}.Release|Any CPU.Build.0 = Release|Any CPU
	EndGlobalSection
	GlobalSection(SolutionProperties) = preSolution
		HideSolutionNode = FALSE
	EndGlobalSection
	GlobalSection(ExtensibilityGlobals) = postSolution
		SolutionGuid = {FBAB6622-AF7B-49DC-8687-E87DB5C5F178}
	EndGlobalSection
EndGlobal
